<Solution>
  <Folder Name="/src/">
    <Project Path="src/HeadsetBatteryMonitor/HeadsetBatteryMonitor.csproj" />
    <Project Path="src/HeadsetBatteryMonitor.Backends/HeadsetBatteryMonitor.Backends.csproj" />
    <Project Path="src/HeadsetBatteryMonitor.Core/HeadsetBatteryMonitor.Core.csproj" />
  </Folder>
  <Folder Name="/tests/">
    <Project Path="tests/HeadsetBatteryMonitor.Tests/HeadsetBatteryMonitor.Tests.csproj" />
  </Folder>
</Solution>
